# This file is automatically @generated by Cargo.
# It is not intended for manual editing.
version = 4

[[package]]
name = "multiplayer-gaps"
version = "0.1.0"
dependencies = [
 "patina-dst",
]

[[package]]
name = "patina-dst"
version = "0.1.0"
source = "git+https://github.com/JacobHayes/patina?rev=6a2977e7bce794d15eabaa18258a5542115bd872#6a2977e7bce794d15eabaa18258a5542115bd872"
